
Microsoft Visual Studio Solution File, Format Version 12.00
Project("{FAE04EC0-301F-11D3-BF4B-00C04F79EFBC}") = "Blackjack", "Blackjack\Blackjack.csproj", "{D2069551-4C96-4ECE-84B9-0FAFD25A472C}"
EndProject
Global
	GlobalSection(SolutionConfigurationPlatforms) = preSolution
		Debug|Any CPU = Debug|Any CPU
		Release|Any CPU = Release|Any CPU
	EndGlobalSection
	GlobalSection(ProjectConfigurationPlatforms) = postSolution
		{D2069551-4C96-4ECE-84B9-0FAFD25A472C}.Debug|Any CPU.ActiveCfg = Debug|Any CPU
		{D2069551-4C96-4ECE-84B9-0FAFD25A472C}.Debug|Any CPU.Build.0 = Debug|Any CPU
		{D2069551-4C96-4ECE-84B9-0FAFD25A472C}.Release|Any CPU.ActiveCfg = Release|Any CPU
		{D2069551-4C96-4ECE-84B9-0FAFD25A472C}.Release|Any CPU.Build.0 = Release|Any CPU
	EndGlobalSection
EndGlobal
